
Microsoft Visual Studio Solution File, Format Version 12.00
# Visual Studio Version 16
VisualStudioVersion = 16.0.35706.149
MinimumVisualStudioVersion = 10.0.40219.1
Project("{9A19103F-16F7-4668-BE54-9A1E7A4F7556}") = "Mnm.Mat.Api", "Mnm.Mat.Api\Mnm.Mat.Api.csproj", "{1CECD330-AA05-4AA9-9D15-12B10E8E10CD}"
EndProject
Project("{9A19103F-16F7-4668-BE54-9A1E7A4F7556}") = "Mnm.Mat.Domain", "Mnm.Mat.Domain\Mnm.Mat.Domain.csproj", "{778585E6-55BB-4078-9937-862391785CCA}"
EndProject
Global
	GlobalSection(SolutionConfigurationPlatforms) = preSolution
		Debug|Any CPU = Debug|Any CPU
		Release|Any CPU = Release|Any CPU
	EndGlobalSection
	GlobalSection(ProjectConfigurationPlatforms) = postSolution
		{1CECD330-AA05-4AA9-9D15-12B10E8E10CD}.Debug|Any CPU.ActiveCfg = Debug|Any CPU
		{1CECD330-AA05-4AA9-9D15-12B10E8E10CD}.Debug|Any CPU.Build.0 = Debug|Any CPU
		{1CECD330-AA05-4AA9-9D15-12B10E8E10CD}.Release|Any CPU.ActiveCfg = Release|Any CPU
		{1CECD330-AA05-4AA9-9D15-12B10E8E10CD}.Release|Any CPU.Build.0 = Release|Any CPU
		{778585E6-55BB-4078-9937-862391785CCA}.Debug|Any CPU.ActiveCfg = Debug|Any CPU
		{778585E6-55BB-4078-9937-862391785CCA}.Debug|Any CPU.Build.0 = Debug|Any CPU
		{778585E6-55BB-4078-9937-862391785CCA}.Release|Any CPU.ActiveCfg = Release|Any CPU
		{778585E6-55BB-4078-9937-862391785CCA}.Release|Any CPU.Build.0 = Release|Any CPU
	EndGlobalSection
	GlobalSection(SolutionProperties) = preSolution
		HideSolutionNode = FALSE
	EndGlobalSection
	GlobalSection(ExtensibilityGlobals) = postSolution
		SolutionGuid = {B4649CDE-D051-45A4-A019-8997271C1CA9}
	EndGlobalSection
EndGlobal
